
Microsoft Visual Studio Solution File, Format Version 12.00
# Visual Studio Version 17
VisualStudioVersion = 17.9.34728.123
MinimumVisualStudioVersion = 10.0.40219.1
Project("{FAE04EC0-301F-11D3-BF4B-00C04F79EFBC}") = "Cod3rsGrowth.Domain", "Cod3rsGrowth.Domain\Cod3rsGrowth.Domain.csproj", "{68EAD16C-DBC7-4276-8196-A9DF324427FD}"
EndProject
Project("{FAE04EC0-301F-11D3-BF4B-00C04F79EFBC}") = "Cod3rsGrowth.Infra", "Cod3rsGrowth.Infra\Cod3rsGrowth.Infra.csproj", "{C87AAD0B-F5AA-423E-9858-9C9D6CABCD13}"
EndProject
Project("{FAE04EC0-301F-11D3-BF4B-00C04F79EFBC}") = "Cod3rsGrowth.Tests", "Cod3rsGrowth.Tests\Cod3rsGrowth.Tests.csproj", "{1B50F6CD-5269-4EFA-8C1A-96F30A471DC8}"
EndProject
Project("{FAE04EC0-301F-11D3-BF4B-00C04F79EFBC}") = "Cod3rsGrowth.Forms", "Cod3rsGrowth.Forms\Cod3rsGrowth.Forms.csproj", "{9A598CBB-B889-4444-9A6B-E58B50CC8DBC}"
EndProject
Project("{FAE04EC0-301F-11D3-BF4B-00C04F79EFBC}") = "Cod3rsGrowth.Web", "Cod3rsGrowth.Web\Cod3rsGrowth.Web.csproj", "{A8D4722F-6F3E-4B40-8598-6AD7A27D844A}"
EndProject
Project("{FAE04EC0-301F-11D3-BF4B-00C04F79EFBC}") = "Cod3rsGrowth.Service", "Cod3rsGrowth.Service\Cod3rsGrowth.Service.csproj", "{D0C0E5C7-5D59-46D1-9FB4-5B0485F840F2}"
EndProject
Global
	GlobalSection(SolutionConfigurationPlatforms) = preSolution
		Debug|Any CPU = Debug|Any CPU
		Release|Any CPU = Release|Any CPU
	EndGlobalSection
	GlobalSection(ProjectConfigurationPlatforms) = postSolution
		{68EAD16C-DBC7-4276-8196-A9DF324427FD}.Debug|Any CPU.ActiveCfg = Debug|Any CPU
		{68EAD16C-DBC7-4276-8196-A9DF324427FD}.Debug|Any CPU.Build.0 = Debug|Any CPU
		{68EAD16C-DBC7-4276-8196-A9DF324427FD}.Release|Any CPU.ActiveCfg = Release|Any CPU
		{68EAD16C-DBC7-4276-8196-A9DF324427FD}.Release|Any CPU.Build.0 = Release|Any CPU
		{C87AAD0B-F5AA-423E-9858-9C9D6CABCD13}.Debug|Any CPU.ActiveCfg = Debug|Any CPU
		{C87AAD0B-F5AA-423E-9858-9C9D6CABCD13}.Debug|Any CPU.Build.0 = Debug|Any CPU
		{C87AAD0B-F5AA-423E-9858-9C9D6CABCD13}.Release|Any CPU.ActiveCfg = Release|Any CPU
		{C87AAD0B-F5AA-423E-9858-9C9D6CABCD13}.Release|Any CPU.Build.0 = Release|Any CPU
		{1B50F6CD-5269-4EFA-8C1A-96F30A471DC8}.Debug|Any CPU.ActiveCfg = Debug|Any CPU
		{1B50F6CD-5269-4EFA-8C1A-96F30A471DC8}.Debug|Any CPU.Build.0 = Debug|Any CPU
		{1B50F6CD-5269-4EFA-8C1A-96F30A471DC8}.Release|Any CPU.ActiveCfg = Release|Any CPU
		{1B50F6CD-5269-4EFA-8C1A-96F30A471DC8}.Release|Any CPU.Build.0 = Release|Any CPU
		{9A598CBB-B889-4444-9A6B-E58B50CC8DBC}.Debug|Any CPU.ActiveCfg = Debug|Any CPU
		{9A598CBB-B889-4444-9A6B-E58B50CC8DBC}.Debug|Any CPU.Build.0 = Debug|Any CPU
		{9A598CBB-B889-4444-9A6B-E58B50CC8DBC}.Release|Any CPU.ActiveCfg = Release|Any CPU
		{9A598CBB-B889-4444-9A6B-E58B50CC8DBC}.Release|Any CPU.Build.0 = Release|Any CPU
		{A8D4722F-6F3E-4B40-8598-6AD7A27D844A}.Debug|Any CPU.ActiveCfg = Debug|Any CPU
		{A8D4722F-6F3E-4B40-8598-6AD7A27D844A}.Debug|Any CPU.Build.0 = Debug|Any CPU
		{A8D4722F-6F3E-4B40-8598-6AD7A27D844A}.Release|Any CPU.ActiveCfg = Release|Any CPU
		{A8D4722F-6F3E-4B40-8598-6AD7A27D844A}.Release|Any CPU.Build.0 = Release|Any CPU
		{D0C0E5C7-5D59-46D1-9FB4-5B0485F840F2}.Debug|Any CPU.ActiveCfg = Debug|Any CPU
		{D0C0E5C7-5D59-46D1-9FB4-5B0485F840F2}.Debug|Any CPU.Build.0 = Debug|Any CPU
		{D0C0E5C7-5D59-46D1-9FB4-5B0485F840F2}.Release|Any CPU.ActiveCfg = Release|Any CPU
		{D0C0E5C7-5D59-46D1-9FB4-5B0485F840F2}.Release|Any CPU.Build.0 = Release|Any CPU
	EndGlobalSection
	GlobalSection(SolutionProperties) = preSolution
		HideSolutionNode = FALSE
	EndGlobalSection
	GlobalSection(ExtensibilityGlobals) = postSolution
		SolutionGuid = {9A055E96-B6C3-407C-998C-C8226250BF07}
	EndGlobalSection
EndGlobal
